
Microsoft Visual Studio Solution File, Format Version 12.00
# Visual Studio Version 16
VisualStudioVersion = 16.0.30907.101
MinimumVisualStudioVersion = 10.0.40219.1
Project("{FAE04EC0-301F-11D3-BF4B-00C04F79EFBC}") = "MathToCode", "MathToCode\MathToCode.csproj", "{45F8BB83-D02A-4EFC-A69C-274FC37B99CF}"
EndProject
Project("{FAE04EC0-301F-11D3-BF4B-00C04F79EFBC}") = "MathToCode.Tests", "MathToCode.Tests\MathToCode.Tests.csproj", "{D9BA0F56-DE2A-4E95-9646-D7877AFC5880}"
EndProject
Project("{FAE04EC0-301F-11D3-BF4B-00C04F79EFBC}") = "MathToCode.Core", "MathToCode.Core\MathToCode.Core.csproj", "{67C72468-E471-47DB-BC04-233D911FD9A5}"
EndProject
Global
	GlobalSection(SolutionConfigurationPlatforms) = preSolution
		Debug|Any CPU = Debug|Any CPU
		Release|Any CPU = Release|Any CPU
	EndGlobalSection
	GlobalSection(ProjectConfigurationPlatforms) = postSolution
		{45F8BB83-D02A-4EFC-A69C-274FC37B99CF}.Debug|Any CPU.ActiveCfg = Debug|Any CPU
		{45F8BB83-D02A-4EFC-A69C-274FC37B99CF}.Debug|Any CPU.Build.0 = Debug|Any CPU
		{45F8BB83-D02A-4EFC-A69C-274FC37B99CF}.Release|Any CPU.ActiveCfg = Release|Any CPU
		{45F8BB83-D02A-4EFC-A69C-274FC37B99CF}.Release|Any CPU.Build.0 = Release|Any CPU
		{D9BA0F56-DE2A-4E95-9646-D7877AFC5880}.Debug|Any CPU.ActiveCfg = Debug|Any CPU
		{D9BA0F56-DE2A-4E95-9646-D7877AFC5880}.Debug|Any CPU.Build.0 = Debug|Any CPU
		{D9BA0F56-DE2A-4E95-9646-D7877AFC5880}.Release|Any CPU.ActiveCfg = Release|Any CPU
		{D9BA0F56-DE2A-4E95-9646-D7877AFC5880}.Release|Any CPU.Build.0 = Release|Any CPU
		{67C72468-E471-47DB-BC04-233D911FD9A5}.Debug|Any CPU.ActiveCfg = Debug|Any CPU
		{67C72468-E471-47DB-BC04-233D911FD9A5}.Debug|Any CPU.Build.0 = Debug|Any CPU
		{67C72468-E471-47DB-BC04-233D911FD9A5}.Release|Any CPU.ActiveCfg = Release|Any CPU
		{67C72468-E471-47DB-BC04-233D911FD9A5}.Release|Any CPU.Build.0 = Release|Any CPU
	EndGlobalSection
	GlobalSection(SolutionProperties) = preSolution
		HideSolutionNode = FALSE
	EndGlobalSection
	GlobalSection(ExtensibilityGlobals) = postSolution
		SolutionGuid = {712609FF-BB8A-4D6E-88E1-D3BE05EA729C}
	EndGlobalSection
EndGlobal
